# IF THERE'S A GIT CONFLICT IN THIS FILE, DON'T SOLVE IT MANUALLY!
# INSTEAD EXECUTE `prisma migrate fix`
# Prisma Migrate lockfile v1
# Read more about conflict resolution here: TODO

20200520172403-init
20200520173203-real-schema
20200520174701-full-data
20200520175149-model-run
20200520180914-model-run-gets-prod-flag
20200520182518-add-prod-flag
20200521095122-location-name-not-unique
20200521142739-make-dates-optional
20200521143002-containment-is-int
20200522232746-add-days
20200523003304-display-name
20200523211803-date-string